
Microsoft Visual Studio Solution File, Format Version 12.00
# Visual Studio Version 17
VisualStudioVersion = 17.1.32210.238
MinimumVisualStudioVersion = 10.0.40219.1
Project("{11A8DD76-328B-46DF-9F39-F559912D0360}") = "nanoframework.System.Net.Sockets.TcpClient", "nanoframework.System.Net.Sockets.TcpClient\nanoframework.System.Net.Sockets.TcpClient.nfproj", "{1D0F04E3-6AB6-4DE0-88D0-5E30F6F5719B}"
EndProject
Project("{11A8DD76-328B-46DF-9F39-F559912D0360}") = "Tests", "Tests\Tests.nfproj", "{A0DF7A0B-8DCD-4CFA-A29F-49F0C2400A07}"
EndProject
Global
	GlobalSection(SolutionConfigurationPlatforms) = preSolution
		Debug|Any CPU = Debug|Any CPU
		Release|Any CPU = Release|Any CPU
	EndGlobalSection
	GlobalSection(ProjectConfigurationPlatforms) = postSolution
		{1D0F04E3-6AB6-4DE0-88D0-5E30F6F5719B}.Debug|Any CPU.ActiveCfg = Debug|Any CPU
		{1D0F04E3-6AB6-4DE0-88D0-5E30F6F5719B}.Debug|Any CPU.Build.0 = Debug|Any CPU
		{1D0F04E3-6AB6-4DE0-88D0-5E30F6F5719B}.Debug|Any CPU.Deploy.0 = Debug|Any CPU
		{1D0F04E3-6AB6-4DE0-88D0-5E30F6F5719B}.Release|Any CPU.ActiveCfg = Release|Any CPU
		{1D0F04E3-6AB6-4DE0-88D0-5E30F6F5719B}.Release|Any CPU.Build.0 = Release|Any CPU
		{1D0F04E3-6AB6-4DE0-88D0-5E30F6F5719B}.Release|Any CPU.Deploy.0 = Release|Any CPU
		{A0DF7A0B-8DCD-4CFA-A29F-49F0C2400A07}.Debug|Any CPU.ActiveCfg = Debug|Any CPU
		{A0DF7A0B-8DCD-4CFA-A29F-49F0C2400A07}.Debug|Any CPU.Build.0 = Debug|Any CPU
		{A0DF7A0B-8DCD-4CFA-A29F-49F0C2400A07}.Debug|Any CPU.Deploy.0 = Debug|Any CPU
		{A0DF7A0B-8DCD-4CFA-A29F-49F0C2400A07}.Release|Any CPU.ActiveCfg = Release|Any CPU
		{A0DF7A0B-8DCD-4CFA-A29F-49F0C2400A07}.Release|Any CPU.Build.0 = Release|Any CPU
		{A0DF7A0B-8DCD-4CFA-A29F-49F0C2400A07}.Release|Any CPU.Deploy.0 = Release|Any CPU
	EndGlobalSection
	GlobalSection(SolutionProperties) = preSolution
		HideSolutionNode = FALSE
	EndGlobalSection
	GlobalSection(ExtensibilityGlobals) = postSolution
		SolutionGuid = {1D002B9B-31C6-4E7E-8E6E-667C96B9B295}
	EndGlobalSection
EndGlobal
